
Microsoft Visual Studio Solution File, Format Version 12.00
Project("{FAE04EC0-301F-11D3-BF4B-00C04F79EFBC}") = "FileShare.Business", "FileShare.Business\FileShare.Business.csproj", "{539A5721-73FB-4C9A-888F-A8A681E8E16C}"
EndProject
Project("{FAE04EC0-301F-11D3-BF4B-00C04F79EFBC}") = "FileShare.Console", "FileShare.Console\FileShare.Console.csproj", "{F9FFAB4D-AF79-4175-9F92-466DAE93C2A9}"
EndProject
Project("{FAE04EC0-301F-11D3-BF4B-00C04F79EFBC}") = "FileShare.Configuration", "FileShare.Configuration\FileShare.Configuration.csproj", "{C9B01A3F-D165-4A88-87DF-6EB59BB11C1B}"
EndProject
Project("{FAE04EC0-301F-11D3-BF4B-00C04F79EFBC}") = "FileShare.App", "FileShare.App\FileShare.App.csproj", "{C36287C8-3CAC-4894-B14A-58C2E6E9835C}"
EndProject
Global
	GlobalSection(SolutionConfigurationPlatforms) = preSolution
		Debug|Any CPU = Debug|Any CPU
		Release|Any CPU = Release|Any CPU
	EndGlobalSection
	GlobalSection(ProjectConfigurationPlatforms) = postSolution
		{539A5721-73FB-4C9A-888F-A8A681E8E16C}.Debug|Any CPU.ActiveCfg = Debug|Any CPU
		{539A5721-73FB-4C9A-888F-A8A681E8E16C}.Debug|Any CPU.Build.0 = Debug|Any CPU
		{539A5721-73FB-4C9A-888F-A8A681E8E16C}.Release|Any CPU.ActiveCfg = Release|Any CPU
		{539A5721-73FB-4C9A-888F-A8A681E8E16C}.Release|Any CPU.Build.0 = Release|Any CPU
		{F9FFAB4D-AF79-4175-9F92-466DAE93C2A9}.Debug|Any CPU.ActiveCfg = Debug|Any CPU
		{F9FFAB4D-AF79-4175-9F92-466DAE93C2A9}.Debug|Any CPU.Build.0 = Debug|Any CPU
		{F9FFAB4D-AF79-4175-9F92-466DAE93C2A9}.Release|Any CPU.ActiveCfg = Release|Any CPU
		{F9FFAB4D-AF79-4175-9F92-466DAE93C2A9}.Release|Any CPU.Build.0 = Release|Any CPU
		{C9B01A3F-D165-4A88-87DF-6EB59BB11C1B}.Debug|Any CPU.ActiveCfg = Debug|Any CPU
		{C9B01A3F-D165-4A88-87DF-6EB59BB11C1B}.Debug|Any CPU.Build.0 = Debug|Any CPU
		{C9B01A3F-D165-4A88-87DF-6EB59BB11C1B}.Release|Any CPU.ActiveCfg = Release|Any CPU
		{C9B01A3F-D165-4A88-87DF-6EB59BB11C1B}.Release|Any CPU.Build.0 = Release|Any CPU
		{C36287C8-3CAC-4894-B14A-58C2E6E9835C}.Debug|Any CPU.ActiveCfg = Debug|Any CPU
		{C36287C8-3CAC-4894-B14A-58C2E6E9835C}.Debug|Any CPU.Build.0 = Debug|Any CPU
		{C36287C8-3CAC-4894-B14A-58C2E6E9835C}.Release|Any CPU.ActiveCfg = Release|Any CPU
		{C36287C8-3CAC-4894-B14A-58C2E6E9835C}.Release|Any CPU.Build.0 = Release|Any CPU
	EndGlobalSection
EndGlobal
